
Microsoft Visual Studio Solution File, Format Version 12.00
Project("{FAE04EC0-301F-11D3-BF4B-00C04F79EFBC}") = "ScreenSound-POO", "ScreenSound-POO.csproj", "{E96D5A0F-FF9C-4BD5-8F11-A2587F971D5A}"
EndProject
Global
	GlobalSection(SolutionConfigurationPlatforms) = preSolution
		Debug|Any CPU = Debug|Any CPU
		Release|Any CPU = Release|Any CPU
	EndGlobalSection
	GlobalSection(ProjectConfigurationPlatforms) = postSolution
		{E96D5A0F-FF9C-4BD5-8F11-A2587F971D5A}.Debug|Any CPU.ActiveCfg = Debug|Any CPU
		{E96D5A0F-FF9C-4BD5-8F11-A2587F971D5A}.Debug|Any CPU.Build.0 = Debug|Any CPU
		{E96D5A0F-FF9C-4BD5-8F11-A2587F971D5A}.Release|Any CPU.ActiveCfg = Release|Any CPU
		{E96D5A0F-FF9C-4BD5-8F11-A2587F971D5A}.Release|Any CPU.Build.0 = Release|Any CPU
	EndGlobalSection
EndGlobal
